Microsoft Visual Studio Solution File, Format Version 12.00
# Visual Studio 15
VisualStudioVersion = 15.0.26124.0
MinimumVisualStudioVersion = 15.0.26124.0
Project("{9A19103F-16F7-4668-BE54-9A1E7A4F7556}") = "Yagohf.PUC.Api", "Yagohf.PUC.Api\Yagohf.PUC.Api.csproj", "{B35B154D-C09E-4DF4-A3BF-547CEB0FC967}"
EndProject
Project("{9A19103F-16F7-4668-BE54-9A1E7A4F7556}") = "Yagohf.PUC.Model", "Yagohf.PUC.Model\Yagohf.PUC.Model.csproj", "{B1A8CEB1-8998-4B25-AC62-5D9DC45015DA}"
EndProject
Project("{9A19103F-16F7-4668-BE54-9A1E7A4F7556}") = "Yagohf.PUC.Business.Interface", "Yagohf.PUC.Business.Interface\Yagohf.PUC.Business.Interface.csproj", "{6422B2C6-7105-4B29-899C-9556635BFCFA}"
EndProject
Project("{9A19103F-16F7-4668-BE54-9A1E7A4F7556}") = "Yagohf.PUC.Business", "Yagohf.PUC.Business\Yagohf.PUC.Business.csproj", "{D0411588-684D-476D-9D0F-0F738639DD9F}"
EndProject
Project("{9A19103F-16F7-4668-BE54-9A1E7A4F7556}") = "Yagohf.PUC.Data.Interface", "Yagohf.PUC.Data.Interface\Yagohf.PUC.Data.Interface.csproj", "{96C29AE5-7580-4E75-9A16-CD71438DD56D}"
EndProject
Project("{9A19103F-16F7-4668-BE54-9A1E7A4F7556}") = "Yagohf.PUC.Data", "Yagohf.PUC.Data\Yagohf.PUC.Data.csproj", "{91E7304C-6C04-42B0-BE96-311DD3A0D46F}"
EndProject
Project("{9A19103F-16F7-4668-BE54-9A1E7A4F7556}") = "Yagohf.PUC.Infraestrutura", "Yagohf.PUC.Infraestrutura\Yagohf.PUC.Infraestrutura.csproj", "{CD3B88FE-6271-4E4A-A09B-4939C32DF3C7}"
EndProject
Project("{2150E333-8FDC-42A3-9474-1A3956D46DE8}") = "0-Api", "0-Api", "{05A0F8C5-52C1-4702-A741-0DEA119FE8B4}"
EndProject
Project("{2150E333-8FDC-42A3-9474-1A3956D46DE8}") = "2-Business", "2-Business", "{3446A9CE-560A-44FB-8324-073AE27B6F5E}"
EndProject
Project("{2150E333-8FDC-42A3-9474-1A3956D46DE8}") = "1-Crosscutting", "1-Crosscutting", "{D1C7148F-C676-4159-98ED-741A7D7C6C4D}"
EndProject
Project("{2150E333-8FDC-42A3-9474-1A3956D46DE8}") = "3-Data", "3-Data", "{B9DD5327-1FE6-485B-B9F9-DCB7882FCCCA}"
EndProject
Project("{2150E333-8FDC-42A3-9474-1A3956D46DE8}") = "4-Model", "4-Model", "{6F656308-E577-4242-A6C1-B3D43C12F6DA}"
EndProject
Project("{9A19103F-16F7-4668-BE54-9A1E7A4F7556}") = "Yagohf.PUC.Injector", "Yagohf.PUC.Injector\Yagohf.PUC.Injector.csproj", "{6CC94BE2-A2CF-4846-8814-96A33A209BF0}"
EndProject
Project("{2150E333-8FDC-42A3-9474-1A3956D46DE8}") = "5-Tests", "5-Tests", "{04736192-92BF-4D74-AA0D-7860F7271151}"
EndProject
Project("{9A19103F-16F7-4668-BE54-9A1E7A4F7556}") = "Yagohf.PUC.Tests", "Yagohf.PUC.Tests\Yagohf.PUC.Tests.csproj", "{CE220C39-2CA0-413C-BD7C-0AC0F8A0F79C}"
EndProject
Global
	GlobalSection(SolutionConfigurationPlatforms) = preSolution
		Debug|Any CPU = Debug|Any CPU
		Debug|x64 = Debug|x64
		Debug|x86 = Debug|x86
		Release|Any CPU = Release|Any CPU
		Release|x64 = Release|x64
		Release|x86 = Release|x86
	EndGlobalSection
	GlobalSection(ProjectConfigurationPlatforms) = postSolution
		{B35B154D-C09E-4DF4-A3BF-547CEB0FC967}.Debug|Any CPU.ActiveCfg = Debug|Any CPU
		{B35B154D-C09E-4DF4-A3BF-547CEB0FC967}.Debug|Any CPU.Build.0 = Debug|Any CPU
		{B35B154D-C09E-4DF4-A3BF-547CEB0FC967}.Debug|x64.ActiveCfg = Debug|Any CPU
		{B35B154D-C09E-4DF4-A3BF-547CEB0FC967}.Debug|x64.Build.0 = Debug|Any CPU
		{B35B154D-C09E-4DF4-A3BF-547CEB0FC967}.Debug|x86.ActiveCfg = Debug|Any CPU
		{B35B154D-C09E-4DF4-A3BF-547CEB0FC967}.Debug|x86.Build.0 = Debug|Any CPU
		{B35B154D-C09E-4DF4-A3BF-547CEB0FC967}.Release|Any CPU.ActiveCfg = Release|Any CPU
		{B35B154D-C09E-4DF4-A3BF-547CEB0FC967}.Release|Any CPU.Build.0 = Release|Any CPU
		{B35B154D-C09E-4DF4-A3BF-547CEB0FC967}.Release|x64.ActiveCfg = Release|Any CPU
		{B35B154D-C09E-4DF4-A3BF-547CEB0FC967}.Release|x64.Build.0 = Release|Any CPU
		{B35B154D-C09E-4DF4-A3BF-547CEB0FC967}.Release|x86.ActiveCfg = Release|Any CPU
		{B35B154D-C09E-4DF4-A3BF-547CEB0FC967}.Release|x86.Build.0 = Release|Any CPU
		{B1A8CEB1-8998-4B25-AC62-5D9DC45015DA}.Debug|Any CPU.ActiveCfg = Debug|Any CPU
		{B1A8CEB1-8998-4B25-AC62-5D9DC45015DA}.Debug|Any CPU.Build.0 = Debug|Any CPU
		{B1A8CEB1-8998-4B25-AC62-5D9DC45015DA}.Debug|x64.ActiveCfg = Debug|Any CPU
		{B1A8CEB1-8998-4B25-AC62-5D9DC45015DA}.Debug|x64.Build.0 = Debug|Any CPU
		{B1A8CEB1-8998-4B25-AC62-5D9DC45015DA}.Debug|x86.ActiveCfg = Debug|Any CPU
		{B1A8CEB1-8998-4B25-AC62-5D9DC45015DA}.Debug|x86.Build.0 = Debug|Any CPU
		{B1A8CEB1-8998-4B25-AC62-5D9DC45015DA}.Release|Any CPU.ActiveCfg = Release|Any CPU
		{B1A8CEB1-8998-4B25-AC62-5D9DC45015DA}.Release|Any CPU.Build.0 = Release|Any CPU
		{B1A8CEB1-8998-4B25-AC62-5D9DC45015DA}.Release|x64.ActiveCfg = Release|Any CPU
		{B1A8CEB1-8998-4B25-AC62-5D9DC45015DA}.Release|x64.Build.0 = Release|Any CPU
		{B1A8CEB1-8998-4B25-AC62-5D9DC45015DA}.Release|x86.ActiveCfg = Release|Any CPU
		{B1A8CEB1-8998-4B25-AC62-5D9DC45015DA}.Release|x86.Build.0 = Release|Any CPU
		{6422B2C6-7105-4B29-899C-9556635BFCFA}.Debug|Any CPU.ActiveCfg = Debug|Any CPU
		{6422B2C6-7105-4B29-899C-9556635BFCFA}.Debug|Any CPU.Build.0 = Debug|Any CPU
		{6422B2C6-7105-4B29-899C-9556635BFCFA}.Debug|x64.ActiveCfg = Debug|Any CPU
		{6422B2C6-7105-4B29-899C-9556635BFCFA}.Debug|x64.Build.0 = Debug|Any CPU
		{6422B2C6-7105-4B29-899C-9556635BFCFA}.Debug|x86.ActiveCfg = Debug|Any CPU
		{6422B2C6-7105-4B29-899C-9556635BFCFA}.Debug|x86.Build.0 = Debug|Any CPU
		{6422B2C6-7105-4B29-899C-9556635BFCFA}.Release|Any CPU.ActiveCfg = Release|Any CPU
		{6422B2C6-7105-4B29-899C-9556635BFCFA}.Release|Any CPU.Build.0 = Release|Any CPU
		{6422B2C6-7105-4B29-899C-9556635BFCFA}.Release|x64.ActiveCfg = Release|Any CPU
		{6422B2C6-7105-4B29-899C-9556635BFCFA}.Release|x64.Build.0 = Release|Any CPU
		{6422B2C6-7105-4B29-899C-9556635BFCFA}.Release|x86.ActiveCfg = Release|Any CPU
		{6422B2C6-7105-4B29-899C-9556635BFCFA}.Release|x86.Build.0 = Release|Any CPU
		{D0411588-684D-476D-9D0F-0F738639DD9F}.Debug|Any CPU.ActiveCfg = Debug|Any CPU
		{D0411588-684D-476D-9D0F-0F738639DD9F}.Debug|Any CPU.Build.0 = Debug|Any CPU
		{D0411588-684D-476D-9D0F-0F738639DD9F}.Debug|x64.ActiveCfg = Debug|Any CPU
		{D0411588-684D-476D-9D0F-0F738639DD9F}.Debug|x64.Build.0 = Debug|Any CPU
		{D0411588-684D-476D-9D0F-0F738639DD9F}.Debug|x86.ActiveCfg = Debug|Any CPU
		{D0411588-684D-476D-9D0F-0F738639DD9F}.Debug|x86.Build.0 = Debug|Any CPU
		{D0411588-684D-476D-9D0F-0F738639DD9F}.Release|Any CPU.ActiveCfg = Release|Any CPU
		{D0411588-684D-476D-9D0F-0F738639DD9F}.Release|Any CPU.Build.0 = Release|Any CPU
		{D0411588-684D-476D-9D0F-0F738639DD9F}.Release|x64.ActiveCfg = Release|Any CPU
		{D0411588-684D-476D-9D0F-0F738639DD9F}.Release|x64.Build.0 = Release|Any CPU
		{D0411588-684D-476D-9D0F-0F738639DD9F}.Release|x86.ActiveCfg = Release|Any CPU
		{D0411588-684D-476D-9D0F-0F738639DD9F}.Release|x86.Build.0 = Release|Any CPU
		{96C29AE5-7580-4E75-9A16-CD71438DD56D}.Debug|Any CPU.ActiveCfg = Debug|Any CPU
		{96C29AE5-7580-4E75-9A16-CD71438DD56D}.Debug|Any CPU.Build.0 = Debug|Any CPU
		{96C29AE5-7580-4E75-9A16-CD71438DD56D}.Debug|x64.ActiveCfg = Debug|Any CPU
		{96C29AE5-7580-4E75-9A16-CD71438DD56D}.Debug|x64.Build.0 = Debug|Any CPU
		{96C29AE5-7580-4E75-9A16-CD71438DD56D}.Debug|x86.ActiveCfg = Debug|Any CPU
		{96C29AE5-7580-4E75-9A16-CD71438DD56D}.Debug|x86.Build.0 = Debug|Any CPU
		{96C29AE5-7580-4E75-9A16-CD71438DD56D}.Release|Any CPU.ActiveCfg = Release|Any CPU
		{96C29AE5-7580-4E75-9A16-CD71438DD56D}.Release|Any CPU.Build.0 = Release|Any CPU
		{96C29AE5-7580-4E75-9A16-CD71438DD56D}.Release|x64.ActiveCfg = Release|Any CPU
		{96C29AE5-7580-4E75-9A16-CD71438DD56D}.Release|x64.Build.0 = Release|Any CPU
		{96C29AE5-7580-4E75-9A16-CD71438DD56D}.Release|x86.ActiveCfg = Release|Any CPU
		{96C29AE5-7580-4E75-9A16-CD71438DD56D}.Release|x86.Build.0 = Release|Any CPU
		{91E7304C-6C04-42B0-BE96-311DD3A0D46F}.Debug|Any CPU.ActiveCfg = Debug|Any CPU
		{91E7304C-6C04-42B0-BE96-311DD3A0D46F}.Debug|Any CPU.Build.0 = Debug|Any CPU
		{91E7304C-6C04-42B0-BE96-311DD3A0D46F}.Debug|x64.ActiveCfg = Debug|Any CPU
		{91E7304C-6C04-42B0-BE96-311DD3A0D46F}.Debug|x64.Build.0 = Debug|Any CPU
		{91E7304C-6C04-42B0-BE96-311DD3A0D46F}.Debug|x86.ActiveCfg = Debug|Any CPU
		{91E7304C-6C04-42B0-BE96-311DD3A0D46F}.Debug|x86.Build.0 = Debug|Any CPU
		{91E7304C-6C04-42B0-BE96-311DD3A0D46F}.Release|Any CPU.ActiveCfg = Release|Any CPU
		{91E7304C-6C04-42B0-BE96-311DD3A0D46F}.Release|Any CPU.Build.0 = Release|Any CPU
		{91E7304C-6C04-42B0-BE96-311DD3A0D46F}.Release|x64.ActiveCfg = Release|Any CPU
		{91E7304C-6C04-42B0-BE96-311DD3A0D46F}.Release|x64.Build.0 = Release|Any CPU
		{91E7304C-6C04-42B0-BE96-311DD3A0D46F}.Release|x86.ActiveCfg = Release|Any CPU
		{91E7304C-6C04-42B0-BE96-311DD3A0D46F}.Release|x86.Build.0 = Release|Any CPU
		{CD3B88FE-6271-4E4A-A09B-4939C32DF3C7}.Debug|Any CPU.ActiveCfg = Debug|Any CPU
		{CD3B88FE-6271-4E4A-A09B-4939C32DF3C7}.Debug|Any CPU.Build.0 = Debug|Any CPU
		{CD3B88FE-6271-4E4A-A09B-4939C32DF3C7}.Debug|x64.ActiveCfg = Debug|Any CPU
		{CD3B88FE-6271-4E4A-A09B-4939C32DF3C7}.Debug|x64.Build.0 = Debug|Any CPU
		{CD3B88FE-6271-4E4A-A09B-4939C32DF3C7}.Debug|x86.ActiveCfg = Debug|Any CPU
		{CD3B88FE-6271-4E4A-A09B-4939C32DF3C7}.Debug|x86.Build.0 = Debug|Any CPU
		{CD3B88FE-6271-4E4A-A09B-4939C32DF3C7}.Release|Any CPU.ActiveCfg = Release|Any CPU
		{CD3B88FE-6271-4E4A-A09B-4939C32DF3C7}.Release|Any CPU.Build.0 = Release|Any CPU
		{CD3B88FE-6271-4E4A-A09B-4939C32DF3C7}.Release|x64.ActiveCfg = Release|Any CPU
		{CD3B88FE-6271-4E4A-A09B-4939C32DF3C7}.Release|x64.Build.0 = Release|Any CPU
		{CD3B88FE-6271-4E4A-A09B-4939C32DF3C7}.Release|x86.ActiveCfg = Release|Any CPU
		{CD3B88FE-6271-4E4A-A09B-4939C32DF3C7}.Release|x86.Build.0 = Release|Any CPU
		{6CC94BE2-A2CF-4846-8814-96A33A209BF0}.Debug|Any CPU.ActiveCfg = Debug|Any CPU
		{6CC94BE2-A2CF-4846-8814-96A33A209BF0}.Debug|Any CPU.Build.0 = Debug|Any CPU
		{6CC94BE2-A2CF-4846-8814-96A33A209BF0}.Debug|x64.ActiveCfg = Debug|Any CPU
		{6CC94BE2-A2CF-4846-8814-96A33A209BF0}.Debug|x64.Build.0 = Debug|Any CPU
		{6CC94BE2-A2CF-4846-8814-96A33A209BF0}.Debug|x86.ActiveCfg = Debug|Any CPU
		{6CC94BE2-A2CF-4846-8814-96A33A209BF0}.Debug|x86.Build.0 = Debug|Any CPU
		{6CC94BE2-A2CF-4846-8814-96A33A209BF0}.Release|Any CPU.ActiveCfg = Release|Any CPU
		{6CC94BE2-A2CF-4846-8814-96A33A209BF0}.Release|Any CPU.Build.0 = Release|Any CPU
		{6CC94BE2-A2CF-4846-8814-96A33A209BF0}.Release|x64.ActiveCfg = Release|Any CPU
		{6CC94BE2-A2CF-4846-8814-96A33A209BF0}.Release|x64.Build.0 = Release|Any CPU
		{6CC94BE2-A2CF-4846-8814-96A33A209BF0}.Release|x86.ActiveCfg = Release|Any CPU
		{6CC94BE2-A2CF-4846-8814-96A33A209BF0}.Release|x86.Build.0 = Release|Any CPU
		{CE220C39-2CA0-413C-BD7C-0AC0F8A0F79C}.Debug|Any CPU.ActiveCfg = Debug|Any CPU
		{CE220C39-2CA0-413C-BD7C-0AC0F8A0F79C}.Debug|Any CPU.Build.0 = Debug|Any CPU
		{CE220C39-2CA0-413C-BD7C-0AC0F8A0F79C}.Debug|x64.ActiveCfg = Debug|Any CPU
		{CE220C39-2CA0-413C-BD7C-0AC0F8A0F79C}.Debug|x64.Build.0 = Debug|Any CPU
		{CE220C39-2CA0-413C-BD7C-0AC0F8A0F79C}.Debug|x86.ActiveCfg = Debug|Any CPU
		{CE220C39-2CA0-413C-BD7C-0AC0F8A0F79C}.Debug|x86.Build.0 = Debug|Any CPU
		{CE220C39-2CA0-413C-BD7C-0AC0F8A0F79C}.Release|Any CPU.ActiveCfg = Release|Any CPU
		{CE220C39-2CA0-413C-BD7C-0AC0F8A0F79C}.Release|Any CPU.Build.0 = Release|Any CPU
		{CE220C39-2CA0-413C-BD7C-0AC0F8A0F79C}.Release|x64.ActiveCfg = Release|Any CPU
		{CE220C39-2CA0-413C-BD7C-0AC0F8A0F79C}.Release|x64.Build.0 = Release|Any CPU
		{CE220C39-2CA0-413C-BD7C-0AC0F8A0F79C}.Release|x86.ActiveCfg = Release|Any CPU
		{CE220C39-2CA0-413C-BD7C-0AC0F8A0F79C}.Release|x86.Build.0 = Release|Any CPU
	EndGlobalSection
	GlobalSection(SolutionProperties) = preSolution
		HideSolutionNode = FALSE
	EndGlobalSection
	GlobalSection(NestedProjects) = preSolution
		{B35B154D-C09E-4DF4-A3BF-547CEB0FC967} = {05A0F8C5-52C1-4702-A741-0DEA119FE8B4}
		{B1A8CEB1-8998-4B25-AC62-5D9DC45015DA} = {6F656308-E577-4242-A6C1-B3D43C12F6DA}
		{6422B2C6-7105-4B29-899C-9556635BFCFA} = {3446A9CE-560A-44FB-8324-073AE27B6F5E}
		{D0411588-684D-476D-9D0F-0F738639DD9F} = {3446A9CE-560A-44FB-8324-073AE27B6F5E}
		{96C29AE5-7580-4E75-9A16-CD71438DD56D} = {B9DD5327-1FE6-485B-B9F9-DCB7882FCCCA}
		{91E7304C-6C04-42B0-BE96-311DD3A0D46F} = {B9DD5327-1FE6-485B-B9F9-DCB7882FCCCA}
		{CD3B88FE-6271-4E4A-A09B-4939C32DF3C7} = {D1C7148F-C676-4159-98ED-741A7D7C6C4D}
		{6CC94BE2-A2CF-4846-8814-96A33A209BF0} = {D1C7148F-C676-4159-98ED-741A7D7C6C4D}
		{CE220C39-2CA0-413C-BD7C-0AC0F8A0F79C} = {04736192-92BF-4D74-AA0D-7860F7271151}
	EndGlobalSection
	GlobalSection(ExtensibilityGlobals) = postSolution
		SolutionGuid = {166A958A-1339-4B86-8522-1EF96F577AD7}
	EndGlobalSection
EndGlobal
