
Microsoft Visual Studio Solution File, Format Version 12.00
# Visual Studio 15
VisualStudioVersion = 15.0.27428.2043
MinimumVisualStudioVersion = 10.0.40219.1
Project("{9A19103F-16F7-4668-BE54-9A1E7A4F7556}") = "TesteBeanstalk.Web", "TesteBeanstalk.Web\TesteBeanstalk.Web.csproj", "{792537BC-2F32-451B-A6D3-D2D837FB4A9D}"
EndProject
Project("{9A19103F-16F7-4668-BE54-9A1E7A4F7556}") = "TesteBeanstalk.Autenticacao", "TesteBeanstalk.Autenticacao\TesteBeanstalk.Autenticacao.csproj", "{BAFADDF6-A575-4B46-B86D-4CF7ADCCC33E}"
EndProject
Global
	GlobalSection(SolutionConfigurationPlatforms) = preSolution
		Debug|Any CPU = Debug|Any CPU
		Release|Any CPU = Release|Any CPU
	EndGlobalSection
	GlobalSection(ProjectConfigurationPlatforms) = postSolution
		{792537BC-2F32-451B-A6D3-D2D837FB4A9D}.Debug|Any CPU.ActiveCfg = Debug|Any CPU
		{792537BC-2F32-451B-A6D3-D2D837FB4A9D}.Debug|Any CPU.Build.0 = Debug|Any CPU
		{792537BC-2F32-451B-A6D3-D2D837FB4A9D}.Release|Any CPU.ActiveCfg = Release|Any CPU
		{792537BC-2F32-451B-A6D3-D2D837FB4A9D}.Release|Any CPU.Build.0 = Release|Any CPU
		{BAFADDF6-A575-4B46-B86D-4CF7ADCCC33E}.Debug|Any CPU.ActiveCfg = Debug|Any CPU
		{BAFADDF6-A575-4B46-B86D-4CF7ADCCC33E}.Debug|Any CPU.Build.0 = Debug|Any CPU
		{BAFADDF6-A575-4B46-B86D-4CF7ADCCC33E}.Release|Any CPU.ActiveCfg = Release|Any CPU
		{BAFADDF6-A575-4B46-B86D-4CF7ADCCC33E}.Release|Any CPU.Build.0 = Release|Any CPU
	EndGlobalSection
	GlobalSection(SolutionProperties) = preSolution
		HideSolutionNode = FALSE
	EndGlobalSection
	GlobalSection(ExtensibilityGlobals) = postSolution
		SolutionGuid = {37F9AB0B-2715-477F-A5C4-B742315E973D}
	EndGlobalSection
EndGlobal
